
Microsoft Visual Studio Solution File, Format Version 12.00
# Visual Studio Version 16
VisualStudioVersion = 16.0.30309.148
MinimumVisualStudioVersion = 10.0.40219.1
Project("{FAE04EC0-301F-11D3-BF4B-00C04F79EFBC}") = "UploadFile.Server", "UploadFile\Server\UploadFile.Server.csproj", "{B8152AA3-2773-4EEB-821B-024380E77E6E}"
EndProject
Project("{FAE04EC0-301F-11D3-BF4B-00C04F79EFBC}") = "UploadFile.Client", "UploadFile\Client\UploadFile.Client.csproj", "{5CA7F88B-4192-4E41-B8F1-63FCE38FEDC7}"
EndProject
Project("{FAE04EC0-301F-11D3-BF4B-00C04F79EFBC}") = "UploadFile.Shared", "UploadFile\Shared\UploadFile.Shared.csproj", "{437168AC-F886-41C5-9C85-2715EADD469F}"
EndProject
Global
	GlobalSection(SolutionConfigurationPlatforms) = preSolution
		Debug|Any CPU = Debug|Any CPU
		Release|Any CPU = Release|Any CPU
	EndGlobalSection
	GlobalSection(ProjectConfigurationPlatforms) = postSolution
		{B8152AA3-2773-4EEB-821B-024380E77E6E}.Debug|Any CPU.ActiveCfg = Debug|Any CPU
		{B8152AA3-2773-4EEB-821B-024380E77E6E}.Debug|Any CPU.Build.0 = Debug|Any CPU
		{B8152AA3-2773-4EEB-821B-024380E77E6E}.Release|Any CPU.ActiveCfg = Release|Any CPU
		{B8152AA3-2773-4EEB-821B-024380E77E6E}.Release|Any CPU.Build.0 = Release|Any CPU
		{5CA7F88B-4192-4E41-B8F1-63FCE38FEDC7}.Debug|Any CPU.ActiveCfg = Debug|Any CPU
		{5CA7F88B-4192-4E41-B8F1-63FCE38FEDC7}.Debug|Any CPU.Build.0 = Debug|Any CPU
		{5CA7F88B-4192-4E41-B8F1-63FCE38FEDC7}.Release|Any CPU.ActiveCfg = Release|Any CPU
		{5CA7F88B-4192-4E41-B8F1-63FCE38FEDC7}.Release|Any CPU.Build.0 = Release|Any CPU
		{437168AC-F886-41C5-9C85-2715EADD469F}.Debug|Any CPU.ActiveCfg = Debug|Any CPU
		{437168AC-F886-41C5-9C85-2715EADD469F}.Debug|Any CPU.Build.0 = Debug|Any CPU
		{437168AC-F886-41C5-9C85-2715EADD469F}.Release|Any CPU.ActiveCfg = Release|Any CPU
		{437168AC-F886-41C5-9C85-2715EADD469F}.Release|Any CPU.Build.0 = Release|Any CPU
	EndGlobalSection
	GlobalSection(SolutionProperties) = preSolution
		HideSolutionNode = FALSE
	EndGlobalSection
	GlobalSection(ExtensibilityGlobals) = postSolution
		SolutionGuid = {DD937D7B-3C54-462B-9AAA-523E14D05AF6}
	EndGlobalSection
EndGlobal
